
Microsoft Visual Studio Solution File, Format Version 12.00
# Visual Studio Version 16
VisualStudioVersion = 16.0.30523.141
MinimumVisualStudioVersion = 10.0.40219.1
Project("{FAE04EC0-301F-11D3-BF4B-00C04F79EFBC}") = "U08", "U08.csproj", "{10792D72-A5D8-4ACC-B28F-B856B5FD040E}"
EndProject
Global
	GlobalSection(SolutionConfigurationPlatforms) = preSolution
		Debug|ARM = Debug|ARM
		Debug|ARM64 = Debug|ARM64
		Debug|x64 = Debug|x64
		Debug|x86 = Debug|x86
		Release|ARM = Release|ARM
		Release|ARM64 = Release|ARM64
		Release|x64 = Release|x64
		Release|x86 = Release|x86
	EndGlobalSection
	GlobalSection(ProjectConfigurationPlatforms) = postSolution
		{10792D72-A5D8-4ACC-B28F-B856B5FD040E}.Debug|ARM.ActiveCfg = Debug|ARM
		{10792D72-A5D8-4ACC-B28F-B856B5FD040E}.Debug|ARM.Build.0 = Debug|ARM
		{10792D72-A5D8-4ACC-B28F-B856B5FD040E}.Debug|ARM.Deploy.0 = Debug|ARM
		{10792D72-A5D8-4ACC-B28F-B856B5FD040E}.Debug|ARM64.ActiveCfg = Debug|ARM64
		{10792D72-A5D8-4ACC-B28F-B856B5FD040E}.Debug|ARM64.Build.0 = Debug|ARM64
		{10792D72-A5D8-4ACC-B28F-B856B5FD040E}.Debug|ARM64.Deploy.0 = Debug|ARM64
		{10792D72-A5D8-4ACC-B28F-B856B5FD040E}.Debug|x64.ActiveCfg = Debug|x64
		{10792D72-A5D8-4ACC-B28F-B856B5FD040E}.Debug|x64.Build.0 = Debug|x64
		{10792D72-A5D8-4ACC-B28F-B856B5FD040E}.Debug|x64.Deploy.0 = Debug|x64
		{10792D72-A5D8-4ACC-B28F-B856B5FD040E}.Debug|x86.ActiveCfg = Debug|x86
		{10792D72-A5D8-4ACC-B28F-B856B5FD040E}.Debug|x86.Build.0 = Debug|x86
		{10792D72-A5D8-4ACC-B28F-B856B5FD040E}.Debug|x86.Deploy.0 = Debug|x86
		{10792D72-A5D8-4ACC-B28F-B856B5FD040E}.Release|ARM.ActiveCfg = Release|ARM
		{10792D72-A5D8-4ACC-B28F-B856B5FD040E}.Release|ARM.Build.0 = Release|ARM
		{10792D72-A5D8-4ACC-B28F-B856B5FD040E}.Release|ARM.Deploy.0 = Release|ARM
		{10792D72-A5D8-4ACC-B28F-B856B5FD040E}.Release|ARM64.ActiveCfg = Release|ARM64
		{10792D72-A5D8-4ACC-B28F-B856B5FD040E}.Release|ARM64.Build.0 = Release|ARM64
		{10792D72-A5D8-4ACC-B28F-B856B5FD040E}.Release|ARM64.Deploy.0 = Release|ARM64
		{10792D72-A5D8-4ACC-B28F-B856B5FD040E}.Release|x64.ActiveCfg = Release|x64
		{10792D72-A5D8-4ACC-B28F-B856B5FD040E}.Release|x64.Build.0 = Release|x64
		{10792D72-A5D8-4ACC-B28F-B856B5FD040E}.Release|x64.Deploy.0 = Release|x64
		{10792D72-A5D8-4ACC-B28F-B856B5FD040E}.Release|x86.ActiveCfg = Release|x86
		{10792D72-A5D8-4ACC-B28F-B856B5FD040E}.Release|x86.Build.0 = Release|x86
		{10792D72-A5D8-4ACC-B28F-B856B5FD040E}.Release|x86.Deploy.0 = Release|x86
	EndGlobalSection
	GlobalSection(SolutionProperties) = preSolution
		HideSolutionNode = FALSE
	EndGlobalSection
	GlobalSection(ExtensibilityGlobals) = postSolution
		SolutionGuid = {3B1F7C57-356F-4CC9-9794-D82CDE1E1B1C}
	EndGlobalSection
EndGlobal
