
Microsoft Visual Studio Solution File, Format Version 12.00
# Visual Studio Version 16
VisualStudioVersion = 16.0.30621.155
MinimumVisualStudioVersion = 10.0.40219.1
Project("{FAE04EC0-301F-11D3-BF4B-00C04F79EFBC}") = "ContosoCraftsVersion2", "ContosoCraftsVersion2.csproj", "{422887CD-2B9C-4154-87F6-32508D4BF29A}"
EndProject
Global
	GlobalSection(SolutionConfigurationPlatforms) = preSolution
		Debug|Any CPU = Debug|Any CPU
		Release|Any CPU = Release|Any CPU
	EndGlobalSection
	GlobalSection(ProjectConfigurationPlatforms) = postSolution
		{422887CD-2B9C-4154-87F6-32508D4BF29A}.Debug|Any CPU.ActiveCfg = Debug|Any CPU
		{422887CD-2B9C-4154-87F6-32508D4BF29A}.Debug|Any CPU.Build.0 = Debug|Any CPU
		{422887CD-2B9C-4154-87F6-32508D4BF29A}.Release|Any CPU.ActiveCfg = Release|Any CPU
		{422887CD-2B9C-4154-87F6-32508D4BF29A}.Release|Any CPU.Build.0 = Release|Any CPU
	EndGlobalSection
	GlobalSection(SolutionProperties) = preSolution
		HideSolutionNode = FALSE
	EndGlobalSection
	GlobalSection(ExtensibilityGlobals) = postSolution
		SolutionGuid = {CD889071-659A-4DFB-8CBD-4BAF9BC118FB}
	EndGlobalSection
EndGlobal
