
Microsoft Visual Studio Solution File, Format Version 12.00
# Visual Studio Version 16
VisualStudioVersion = 16.0.30621.155
MinimumVisualStudioVersion = 10.0.40219.1
Project("{FAE04EC0-301F-11D3-BF4B-00C04F79EFBC}") = "Session13", "Session13.csproj", "{7FC5684F-BDF9-442D-88C9-C17DA3686028}"
EndProject
Global
	GlobalSection(SolutionConfigurationPlatforms) = preSolution
		Debug|Any CPU = Debug|Any CPU
		Release|Any CPU = Release|Any CPU
	EndGlobalSection
	GlobalSection(ProjectConfigurationPlatforms) = postSolution
		{7FC5684F-BDF9-442D-88C9-C17DA3686028}.Debug|Any CPU.ActiveCfg = Debug|Any CPU
		{7FC5684F-BDF9-442D-88C9-C17DA3686028}.Debug|Any CPU.Build.0 = Debug|Any CPU
		{7FC5684F-BDF9-442D-88C9-C17DA3686028}.Release|Any CPU.ActiveCfg = Release|Any CPU
		{7FC5684F-BDF9-442D-88C9-C17DA3686028}.Release|Any CPU.Build.0 = Release|Any CPU
	EndGlobalSection
	GlobalSection(SolutionProperties) = preSolution
		HideSolutionNode = FALSE
	EndGlobalSection
	GlobalSection(ExtensibilityGlobals) = postSolution
		SolutionGuid = {6120F96F-0874-4A3C-B1AC-D20D84C449A9}
	EndGlobalSection
EndGlobal
