
Microsoft Visual Studio Solution File, Format Version 12.00
# Visual Studio Version 16
VisualStudioVersion = 16.0.30523.141
MinimumVisualStudioVersion = 10.0.40219.1
Project("{FAE04EC0-301F-11D3-BF4B-00C04F79EFBC}") = "W01", "W01.csproj", "{E2CD0F3D-02C6-4ABD-B5CC-FC27D9E33BAF}"
EndProject
Project("{2150E333-8FDC-42A3-9474-1A3956D46DE8}") = "Solution Items", "Solution Items", "{2F9EC189-D034-45A6-A843-42D51EECE5A2}"
	ProjectSection(SolutionItems) = preProject
		.editorconfig = .editorconfig
	EndProjectSection
EndProject
Global
	GlobalSection(SolutionConfigurationPlatforms) = preSolution
		Debug|Any CPU = Debug|Any CPU
		Release|Any CPU = Release|Any CPU
	EndGlobalSection
	GlobalSection(ProjectConfigurationPlatforms) = postSolution
		{E2CD0F3D-02C6-4ABD-B5CC-FC27D9E33BAF}.Debug|Any CPU.ActiveCfg = Debug|Any CPU
		{E2CD0F3D-02C6-4ABD-B5CC-FC27D9E33BAF}.Debug|Any CPU.Build.0 = Debug|Any CPU
		{E2CD0F3D-02C6-4ABD-B5CC-FC27D9E33BAF}.Release|Any CPU.ActiveCfg = Release|Any CPU
		{E2CD0F3D-02C6-4ABD-B5CC-FC27D9E33BAF}.Release|Any CPU.Build.0 = Release|Any CPU
	EndGlobalSection
	GlobalSection(SolutionProperties) = preSolution
		HideSolutionNode = FALSE
	EndGlobalSection
	GlobalSection(ExtensibilityGlobals) = postSolution
		SolutionGuid = {A75FF4E0-7A46-4762-BBE6-2C06AD872BA1}
	EndGlobalSection
EndGlobal
