
Microsoft Visual Studio Solution File, Format Version 12.00
# Visual Studio Version 16
VisualStudioVersion = 16.0.30621.155
MinimumVisualStudioVersion = 10.0.40219.1
Project("{FAE04EC0-301F-11D3-BF4B-00C04F79EFBC}") = "demobaitap", "demobaitap.csproj", "{FF4CACC9-9B2C-4884-A5F1-CDB5DD4BAFEA}"
EndProject
Global
	GlobalSection(SolutionConfigurationPlatforms) = preSolution
		Debug|Any CPU = Debug|Any CPU
		Release|Any CPU = Release|Any CPU
	EndGlobalSection
	GlobalSection(ProjectConfigurationPlatforms) = postSolution
		{FF4CACC9-9B2C-4884-A5F1-CDB5DD4BAFEA}.Debug|Any CPU.ActiveCfg = Debug|Any CPU
		{FF4CACC9-9B2C-4884-A5F1-CDB5DD4BAFEA}.Debug|Any CPU.Build.0 = Debug|Any CPU
		{FF4CACC9-9B2C-4884-A5F1-CDB5DD4BAFEA}.Release|Any CPU.ActiveCfg = Release|Any CPU
		{FF4CACC9-9B2C-4884-A5F1-CDB5DD4BAFEA}.Release|Any CPU.Build.0 = Release|Any CPU
	EndGlobalSection
	GlobalSection(SolutionProperties) = preSolution
		HideSolutionNode = FALSE
	EndGlobalSection
	GlobalSection(ExtensibilityGlobals) = postSolution
		SolutionGuid = {2B61B032-142C-4AB2-9261-5422C5D76E79}
	EndGlobalSection
EndGlobal
