
Microsoft Visual Studio Solution File, Format Version 12.00
# Visual Studio Version 16
VisualStudioVersion = 16.0.30621.155
MinimumVisualStudioVersion = 10.0.40219.1
Project("{FAE04EC0-301F-11D3-BF4B-00C04F79EFBC}") = "Lab2", "Lab2.csproj", "{615E1A1C-DB1D-4439-9459-D23881704F79}"
EndProject
Global
	GlobalSection(SolutionConfigurationPlatforms) = preSolution
		Debug|Any CPU = Debug|Any CPU
		Release|Any CPU = Release|Any CPU
	EndGlobalSection
	GlobalSection(ProjectConfigurationPlatforms) = postSolution
		{615E1A1C-DB1D-4439-9459-D23881704F79}.Debug|Any CPU.ActiveCfg = Debug|Any CPU
		{615E1A1C-DB1D-4439-9459-D23881704F79}.Debug|Any CPU.Build.0 = Debug|Any CPU
		{615E1A1C-DB1D-4439-9459-D23881704F79}.Release|Any CPU.ActiveCfg = Release|Any CPU
		{615E1A1C-DB1D-4439-9459-D23881704F79}.Release|Any CPU.Build.0 = Release|Any CPU
	EndGlobalSection
	GlobalSection(SolutionProperties) = preSolution
		HideSolutionNode = FALSE
	EndGlobalSection
	GlobalSection(ExtensibilityGlobals) = postSolution
		SolutionGuid = {75FD45A1-5045-4B5D-8D92-DD4FBDF00B03}
	EndGlobalSection
EndGlobal
