
Microsoft Visual Studio Solution File, Format Version 12.00
# Visual Studio Version 16
VisualStudioVersion = 16.0.30621.155
MinimumVisualStudioVersion = 10.0.40219.1
Project("{FAE04EC0-301F-11D3-BF4B-00C04F79EFBC}") = "W02s", "W02s.csproj", "{DDFAEBDE-5157-488E-B6D2-B91EEE543ED4}"
EndProject
Global
	GlobalSection(SolutionConfigurationPlatforms) = preSolution
		Debug|Any CPU = Debug|Any CPU
		Release|Any CPU = Release|Any CPU
	EndGlobalSection
	GlobalSection(ProjectConfigurationPlatforms) = postSolution
		{DDFAEBDE-5157-488E-B6D2-B91EEE543ED4}.Debug|Any CPU.ActiveCfg = Debug|Any CPU
		{DDFAEBDE-5157-488E-B6D2-B91EEE543ED4}.Debug|Any CPU.Build.0 = Debug|Any CPU
		{DDFAEBDE-5157-488E-B6D2-B91EEE543ED4}.Release|Any CPU.ActiveCfg = Release|Any CPU
		{DDFAEBDE-5157-488E-B6D2-B91EEE543ED4}.Release|Any CPU.Build.0 = Release|Any CPU
	EndGlobalSection
	GlobalSection(SolutionProperties) = preSolution
		HideSolutionNode = FALSE
	EndGlobalSection
	GlobalSection(ExtensibilityGlobals) = postSolution
		SolutionGuid = {32C1EA99-CF7B-4735-A65E-ECDB8CE3CB2C}
	EndGlobalSection
EndGlobal
