
Microsoft Visual Studio Solution File, Format Version 12.00
# Visual Studio Version 16
VisualStudioVersion = 16.0.30621.155
MinimumVisualStudioVersion = 10.0.40219.1
Project("{FAE04EC0-301F-11D3-BF4B-00C04F79EFBC}") = "Video2", "Video2.csproj", "{C6FA8017-218F-4448-AF72-F86B19155927}"
EndProject
Global
	GlobalSection(SolutionConfigurationPlatforms) = preSolution
		Debug|Any CPU = Debug|Any CPU
		Release|Any CPU = Release|Any CPU
	EndGlobalSection
	GlobalSection(ProjectConfigurationPlatforms) = postSolution
		{C6FA8017-218F-4448-AF72-F86B19155927}.Debug|Any CPU.ActiveCfg = Debug|Any CPU
		{C6FA8017-218F-4448-AF72-F86B19155927}.Debug|Any CPU.Build.0 = Debug|Any CPU
		{C6FA8017-218F-4448-AF72-F86B19155927}.Release|Any CPU.ActiveCfg = Release|Any CPU
		{C6FA8017-218F-4448-AF72-F86B19155927}.Release|Any CPU.Build.0 = Release|Any CPU
	EndGlobalSection
	GlobalSection(SolutionProperties) = preSolution
		HideSolutionNode = FALSE
	EndGlobalSection
	GlobalSection(ExtensibilityGlobals) = postSolution
		SolutionGuid = {E3C88A5B-6610-48B3-8368-B2DCCFD19001}
	EndGlobalSection
EndGlobal
