
Microsoft Visual Studio Solution File, Format Version 12.00
# Visual Studio Version 16
VisualStudioVersion = 16.0.30804.86
MinimumVisualStudioVersion = 10.0.40219.1
Project("{FAE04EC0-301F-11D3-BF4B-00C04F79EFBC}") = "Lession3", "Lession3.csproj", "{4CD83F4F-3575-46EC-A450-DBFB43374517}"
EndProject
Global
	GlobalSection(SolutionConfigurationPlatforms) = preSolution
		Debug|Any CPU = Debug|Any CPU
		Release|Any CPU = Release|Any CPU
	EndGlobalSection
	GlobalSection(ProjectConfigurationPlatforms) = postSolution
		{4CD83F4F-3575-46EC-A450-DBFB43374517}.Debug|Any CPU.ActiveCfg = Debug|Any CPU
		{4CD83F4F-3575-46EC-A450-DBFB43374517}.Debug|Any CPU.Build.0 = Debug|Any CPU
		{4CD83F4F-3575-46EC-A450-DBFB43374517}.Release|Any CPU.ActiveCfg = Release|Any CPU
		{4CD83F4F-3575-46EC-A450-DBFB43374517}.Release|Any CPU.Build.0 = Release|Any CPU
	EndGlobalSection
	GlobalSection(SolutionProperties) = preSolution
		HideSolutionNode = FALSE
	EndGlobalSection
	GlobalSection(ExtensibilityGlobals) = postSolution
		SolutionGuid = {E21C6442-C662-47B0-9D2D-996ACDA70167}
	EndGlobalSection
EndGlobal
