
Microsoft Visual Studio Solution File, Format Version 12.00
# Visual Studio Version 16
VisualStudioVersion = 16.0.30621.155
MinimumVisualStudioVersion = 10.0.40219.1
Project("{FAE04EC0-301F-11D3-BF4B-00C04F79EFBC}") = "Practice", "Practice.csproj", "{8BC908A1-8B9E-4756-98AA-88383D10C80A}"
EndProject
Global
	GlobalSection(SolutionConfigurationPlatforms) = preSolution
		Debug|Any CPU = Debug|Any CPU
		Release|Any CPU = Release|Any CPU
	EndGlobalSection
	GlobalSection(ProjectConfigurationPlatforms) = postSolution
		{8BC908A1-8B9E-4756-98AA-88383D10C80A}.Debug|Any CPU.ActiveCfg = Debug|Any CPU
		{8BC908A1-8B9E-4756-98AA-88383D10C80A}.Debug|Any CPU.Build.0 = Debug|Any CPU
		{8BC908A1-8B9E-4756-98AA-88383D10C80A}.Release|Any CPU.ActiveCfg = Release|Any CPU
		{8BC908A1-8B9E-4756-98AA-88383D10C80A}.Release|Any CPU.Build.0 = Release|Any CPU
	EndGlobalSection
	GlobalSection(SolutionProperties) = preSolution
		HideSolutionNode = FALSE
	EndGlobalSection
	GlobalSection(ExtensibilityGlobals) = postSolution
		SolutionGuid = {DF0DD199-3734-4259-A740-1E6D175AAFCB}
	EndGlobalSection
EndGlobal
