
Microsoft Visual Studio Solution File, Format Version 12.00
# Visual Studio Version 16
VisualStudioVersion = 16.0.30804.86
MinimumVisualStudioVersion = 10.0.40219.1
Project("{FAE04EC0-301F-11D3-BF4B-00C04F79EFBC}") = "Practice", "Practice.csproj", "{D764A345-7B5A-4A8B-82D1-53689DDBE035}"
EndProject
Global
	GlobalSection(SolutionConfigurationPlatforms) = preSolution
		Debug|Any CPU = Debug|Any CPU
		Release|Any CPU = Release|Any CPU
	EndGlobalSection
	GlobalSection(ProjectConfigurationPlatforms) = postSolution
		{D764A345-7B5A-4A8B-82D1-53689DDBE035}.Debug|Any CPU.ActiveCfg = Debug|Any CPU
		{D764A345-7B5A-4A8B-82D1-53689DDBE035}.Debug|Any CPU.Build.0 = Debug|Any CPU
		{D764A345-7B5A-4A8B-82D1-53689DDBE035}.Release|Any CPU.ActiveCfg = Release|Any CPU
		{D764A345-7B5A-4A8B-82D1-53689DDBE035}.Release|Any CPU.Build.0 = Release|Any CPU
	EndGlobalSection
	GlobalSection(SolutionProperties) = preSolution
		HideSolutionNode = FALSE
	EndGlobalSection
	GlobalSection(ExtensibilityGlobals) = postSolution
		SolutionGuid = {6175EEF1-AF66-4B08-83EF-93C0A1F5F818}
	EndGlobalSection
EndGlobal
