
Microsoft Visual Studio Solution File, Format Version 12.00
# Visual Studio Version 16
VisualStudioVersion = 16.0.30804.86
MinimumVisualStudioVersion = 10.0.40219.1
Project("{FAE04EC0-301F-11D3-BF4B-00C04F79EFBC}") = "ShopCarVip", "ShopCarVip.csproj", "{06E29EBC-B349-4B92-9E3A-8B15C3095EFC}"
EndProject
Global
	GlobalSection(SolutionConfigurationPlatforms) = preSolution
		Debug|Any CPU = Debug|Any CPU
		Release|Any CPU = Release|Any CPU
	EndGlobalSection
	GlobalSection(ProjectConfigurationPlatforms) = postSolution
		{06E29EBC-B349-4B92-9E3A-8B15C3095EFC}.Debug|Any CPU.ActiveCfg = Debug|Any CPU
		{06E29EBC-B349-4B92-9E3A-8B15C3095EFC}.Debug|Any CPU.Build.0 = Debug|Any CPU
		{06E29EBC-B349-4B92-9E3A-8B15C3095EFC}.Release|Any CPU.ActiveCfg = Release|Any CPU
		{06E29EBC-B349-4B92-9E3A-8B15C3095EFC}.Release|Any CPU.Build.0 = Release|Any CPU
	EndGlobalSection
	GlobalSection(SolutionProperties) = preSolution
		HideSolutionNode = FALSE
	EndGlobalSection
	GlobalSection(ExtensibilityGlobals) = postSolution
		SolutionGuid = {E56B3918-9BB3-4847-9305-BEC2C993D538}
	EndGlobalSection
EndGlobal
