
Microsoft Visual Studio Solution File, Format Version 12.00
# Visual Studio Version 16
VisualStudioVersion = 16.0.30621.155
MinimumVisualStudioVersion = 10.0.40219.1
Project("{FAE04EC0-301F-11D3-BF4B-00C04F79EFBC}") = "APIDemo", "APIDemo.csproj", "{C0648A32-1604-43EA-8133-920BB45E344A}"
EndProject
Global
	GlobalSection(SolutionConfigurationPlatforms) = preSolution
		Debug|Any CPU = Debug|Any CPU
		Release|Any CPU = Release|Any CPU
	EndGlobalSection
	GlobalSection(ProjectConfigurationPlatforms) = postSolution
		{C0648A32-1604-43EA-8133-920BB45E344A}.Debug|Any CPU.ActiveCfg = Debug|Any CPU
		{C0648A32-1604-43EA-8133-920BB45E344A}.Debug|Any CPU.Build.0 = Debug|Any CPU
		{C0648A32-1604-43EA-8133-920BB45E344A}.Release|Any CPU.ActiveCfg = Release|Any CPU
		{C0648A32-1604-43EA-8133-920BB45E344A}.Release|Any CPU.Build.0 = Release|Any CPU
	EndGlobalSection
	GlobalSection(SolutionProperties) = preSolution
		HideSolutionNode = FALSE
	EndGlobalSection
	GlobalSection(ExtensibilityGlobals) = postSolution
		SolutionGuid = {451BFA2F-DF64-4A41-9007-6358E24A3CF8}
	EndGlobalSection
EndGlobal
