
Microsoft Visual Studio Solution File, Format Version 12.00
# Visual Studio Version 16
VisualStudioVersion = 16.0.30523.141
MinimumVisualStudioVersion = 10.0.40219.1
Project("{FAE04EC0-301F-11D3-BF4B-00C04F79EFBC}") = "Lab01ASP", "Lab01ASP.csproj", "{669563C6-A54C-40DF-BDA8-AA5EC664C278}"
EndProject
Global
	GlobalSection(SolutionConfigurationPlatforms) = preSolution
		Debug|Any CPU = Debug|Any CPU
		Release|Any CPU = Release|Any CPU
	EndGlobalSection
	GlobalSection(ProjectConfigurationPlatforms) = postSolution
		{669563C6-A54C-40DF-BDA8-AA5EC664C278}.Debug|Any CPU.ActiveCfg = Debug|Any CPU
		{669563C6-A54C-40DF-BDA8-AA5EC664C278}.Debug|Any CPU.Build.0 = Debug|Any CPU
		{669563C6-A54C-40DF-BDA8-AA5EC664C278}.Release|Any CPU.ActiveCfg = Release|Any CPU
		{669563C6-A54C-40DF-BDA8-AA5EC664C278}.Release|Any CPU.Build.0 = Release|Any CPU
	EndGlobalSection
	GlobalSection(SolutionProperties) = preSolution
		HideSolutionNode = FALSE
	EndGlobalSection
	GlobalSection(ExtensibilityGlobals) = postSolution
		SolutionGuid = {F9726C40-D3CF-47D5-A12C-5E907789BAB6}
	EndGlobalSection
EndGlobal
